// !$*UTF8*$!
{
	archiveVersion = 1;
	classes = {
	};
	objectVersion = 46;
	objects = {

/* Begin PBXBuildFile section */
		4CC054751C51747D007ECB7B /* DieLabel.m in Sources */ = {isa = PBXBuildFile; fileRef = 4CC054741C51747D007ECB7B /* DieLabel.m */; };
		A80452F11C5172A800B59865 /* main.m in Sources */ = {isa = PBXBuildFile; fileRef = A80452F01C5172A800B59865 /* main.m */; };
		A80452F41C5172A800B59865 /* AppDelegate.m in Sources */ = {isa = PBXBuildFile; fileRef = A80452F31C5172A800B59865 /* AppDelegate.m */; };
		A80452F71C5172A800B59865 /* ViewController.m in Sources */ = {isa = PBXBuildFile; fileRef = A80452F61C5172A800B59865 /* ViewController.m */; };
		A80452FA1C5172A800B59865 /* Main.storyboard in Resources */ = {isa = PBXBuildFile; fileRef = A80452F81C5172A800B59865 /* Main.storyboard */; };
		A80452FC1C5172A800B59865 /* Assets.xcassets in Resources */ = {isa = PBXBuildFile; fileRef = A80452FB1C5172A800B59865 /* Assets.xcassets */; };
		A80452FF1C5172A800B59865 /* LaunchScreen.storyboard in Resources */ = {isa = PBXBuildFile; fileRef = A80452FD1C5172A800B59865 /* LaunchScreen.storyboard */; };
/* End PBXBuildFile section */

/* Begin PBXFileReference section */
		4CC054731C51747D007ECB7B /* DieLabel.h */ = {isa = PBXFileReference; fileEncoding = 4; lastKnownFileType = sourcecode.c.h; path = DieLabel.h; sourceTree = "<group>"; };
		4CC054741C51747D007ECB7B /* DieLabel.m */ = {isa = PBXFileReference; fileEncoding = 4; lastKnownFileType = sourcecode.c.objc; path = DieLabel.m; sourceTree = "<group>"; };
		A80452EC1C5172A800B59865 /* Farkles.app */ = {isa = PBXFileReference; explicitFileType = wrapper.application; includeInIndex = 0; path = Farkles.app; sourceTree = BUILT_PRODUCTS_DIR; };
		A80452F01C5172A800B59865 /* main.m */ = {isa = PBXFileReference; lastKnownFileType = sourcecode.c.objc; path = main.m; sourceTree = "<group>"; };
		A80452F21C5172A800B59865 /* AppDelegate.h */ = {isa = PBXFileReference; lastKnownFileType = sourcecode.c.h; path = AppDelegate.h; sourceTree = "<group>"; };
		A80452F31C5172A800B59865 /* AppDelegate.m */ = {isa = PBXFileReference; lastKnownFileType = sourcecode.c.objc; path = AppDelegate.m; sourceTree = "<group>"; };
		A80452F51C5172A800B59865 /* ViewController.h */ = {isa = PBXFileReference; lastKnownFileType = sourcecode.c.h; path = ViewController.h; sourceTree = "<group>"; };
		A80452F61C5172A800B59865 /* ViewController.m */ = {isa = PBXFileReference; lastKnownFileType = sourcecode.c.objc; path = ViewController.m; sourceTree = "<group>"; };
		A80452F91C5172A800B59865 /* Base */ = {isa = PBXFileReference; lastKnownFileType = file.storyboard; name = Base; path = Base.lproj/Main.storyboard; sourceTree = "<group>"; };
		A80452FB1C5172A800B59865 /* Assets.xcassets */ = {isa = PBXFileReference; lastKnownFileType = folder.assetcatalog; path = Assets.xcassets; sourceTree = "<group>"; };
		A80452FE1C5172A800B59865 /* Base */ = {isa = PBXFileReference; lastKnownFileType = file.storyboard; name = Base; path = Base.lproj/LaunchScreen.storyboard; sourceTree = "<group>"; };
		A80453001C5172A800B59865 /* Info.plist */ = {isa = PBXFileReference; lastKnownFileType = text.plist.xml; path = Info.plist; sourceTree = "<group>"; };
/* End PBXFileReference section */

/* Begin PBXFrameworksBuildPhase section */
		A80452E91C5172A800B59865 /* Frameworks */ = {
			isa = PBXFrameworksBuildPhase;
			buildActionMask = 2147483647;
			files = (
			);
			runOnlyForDeploymentPostprocessing = 0;
		};
/* End PBXFrameworksBuildPhase section */

/* Begin PBXGroup section */
		A80452E31C5172A800B59865 = {
			isa = PBXGroup;
			children = (
				A80452EE1C5172A800B59865 /* Farkles */,
				A80452ED1C5172A800B59865 /* Products */,
			);
			sourceTree = "<group>";
		};
		A80452ED1C5172A800B59865 /* Products */ = {
			isa = PBXGroup;
			children = (
				A80452EC1C5172A800B59865 /* Farkles.app */,
			);
			name = Products;
			sourceTree = "<group>";
		};
		A80452EE1C5172A800B59865 /* Farkles */ = {
			isa = PBXGroup;
			children = (
				A80452F21C5172A800B59865 /* AppDelegate.h */,
				A80452F31C5172A800B59865 /* AppDelegate.m */,
				A80452F51C5172A800B59865 /* ViewController.h */,
				A80452F61C5172A800B59865 /* ViewController.m */,
				4CC054731C51747D007ECB7B /* DieLabel.h */,
				4CC054741C51747D007ECB7B /* DieLabel.m */,
				A80452F81C5172A800B59865 /* Main.storyboard */,
				A80452FB1C5172A800B59865 /* Assets.xcassets */,
				A80452FD1C5172A800B59865 /* LaunchScreen.storyboard */,
				A80453001C5172A800B59865 /* Info.plist */,
				A80452EF1C5172A800B59865 /* Supporting Files */,
			);
			path = Farkles;
			sourceTree = "<group>";
		};
		A80452EF1C5172A800B59865 /* Supporting Files */ = {
			isa = PBXGroup;
			children = (
				A80452F01C5172A800B59865 /* main.m */,
			);
			name = "Supporting Files";
			sourceTree = "<group>";
		};
/* End PBXGroup section */

/* Begin PBXNativeTarget section */
		A80452EB1C5172A800B59865 /* Farkles */ = {
			isa = PBXNativeTarget;
			buildConfigurationList = A80453031C5172A800B59865 /* Build configuration list for PBXNativeTarget "Farkles" */;
			buildPhases = (
				A80452E81C5172A800B59865 /* Sources */,
				A80452E91C5172A800B59865 /* Frameworks */,
				A80452EA1C5172A800B59865 /* Resources */,
			);
			buildRules = (
			);
			dependencies = (
			);
			name = Farkles;
			productName = Farkles;
			productReference = A80452EC1C5172A800B59865 /* Farkles.app */;
			productType = "com.apple.product-type.application";
		};
/* End PBXNativeTarget section */

/* Begin PBXProject section */
		A80452E41C5172A800B59865 /* Project object */ = {
			isa = PBXProject;
			attributes = {
				LastUpgradeCheck = 0720;
				ORGANIZATIONNAME = "Matt Deuschle";
				TargetAttributes = {
					A80452EB1C5172A800B59865 = {
						CreatedOnToolsVersion = 7.2;
						DevelopmentTeam = EUAKYK4NXS;
					};
				};
			};
			buildConfigurationList = A80452E71C5172A800B59865 /* Build configuration list for PBXProject "Farkles" */;
			compatibilityVersion = "Xcode 3.2";
			developmentRegion = English;
			hasScannedForEncodings = 0;
			knownRegions = (
				en,
				Base,
			);
			mainGroup = A80452E31C5172A800B59865;
			productRefGroup = A80452ED1C5172A800B59865 /* Products */;
			projectDirPath = "";
			projectRoot = "";
			targets = (
				A80452EB1C5172A800B59865 /* Farkles */,
			);
		};
/* End PBXProject section */

/* Begin PBXResourcesBuildPhase section */
		A80452EA1C5172A800B59865 /* Resources */ = {
			isa = PBXResourcesBuildPhase;
			buildActionMask = 2147483647;
			files = (
				A80452FF1C5172A800B59865 /* LaunchScreen.storyboard in Resources */,
				A80452FC1C5172A800B59865 /* Assets.xcassets in Resources */,
				A80452FA1C5172A800B59865 /* Main.storyboard in Resources */,
			);
			runOnlyForDeploymentPostprocessing = 0;
		};
/* End PBXResourcesBuildPhase section */

/* Begin PBXSourcesBuildPhase section */
		A80452E81C5172A800B59865 /* Sources */ = {
			isa = PBXSourcesBuildPhase;
			buildActionMask = 2147483647;
			files = (
				A80452F71C5172A800B59865 /* ViewController.m in Sources */,
				A80452F41C5172A800B59865 /* AppDelegate.m in Sources */,
				A80452F11C5172A800B59865 /* main.m in Sources */,
				4CC054751C51747D007ECB7B /* DieLabel.m in Sources */,
			);
			runOnlyForDeploymentPostprocessing = 0;
		};
/* End PBXSourcesBuildPhase section */

/* Begin PBXVariantGroup section */
		A80452F81C5172A800B59865 /* Main.storyboard */ = {
			isa = PBXVariantGroup;
			children = (
				A80452F91C5172A800B59865 /* Base */,
			);
			name = Main.storyboard;
			sourceTree = "<group>";
		};
		A80452FD1C5172A800B59865 /* LaunchScreen.storyboard */ = {
			isa = PBXVariantGroup;
			children = (
				A80452FE1C5172A800B59865 /* Base */,
			);
			name = LaunchScreen.storyboard;
			sourceTree = "<group>";
		};
/* End PBXVariantGroup section */

/* Begin XCBuildConfiguration section */
		A80453011C5172A800B59865 /* Debug */ = {
			isa = XCBuildConfiguration;
			buildSettings = {
				ALWAYS_SEARCH_USER_PATHS = NO;
				CLANG_CXX_LANGUAGE_STANDARD = "gnu++0x";
				CLANG_CXX_LIBRARY = "libc++";
				CLANG_ENABLE_MODULES = YES;
				CLANG_ENABLE_OBJC_ARC = YES;
				CLANG_WARN_BOOL_CONVERSION = YES;
				CLANG_WARN_CONSTANT_CONVERSION = YES;
				CLANG_WARN_DIRECT_OBJC_ISA_USAGE = YES_ERROR;
				CLANG_WARN_EMPTY_BODY = YES;
				CLANG_WARN_ENUM_CONVERSION = YES;
				CLANG_WARN_INT_CONVERSION = YES;
				CLANG_WARN_OBJC_ROOT_CLASS = YES_ERROR;
				CLANG_WARN_UNREACHABLE_CODE = YES;
				CLANG_WARN__DUPLICATE_METHOD_MATCH = YES;
				"CODE_SIGN_IDENTITY[sdk=iphoneos*]" = "iPhone Developer";
				COPY_PHASE_STRIP = NO;
				DEBUG_INFORMATION_FORMAT = dwarf;
				ENABLE_STRICT_OBJC_MSGSEND = YES;
				ENABLE_TESTABILITY = YES;
				GCC_C_LANGUAGE_STANDARD = gnu99;
				GCC_DYNAMIC_NO_PIC = NO;
				GCC_NO_COMMON_BLOCKS = YES;
				GCC_OPTIMIZATION_LEVEL = 0;
				GCC_PREPROCESSOR_DEFINITIONS = (
					"DEBUG=1",
					"$(inherited)",
				);
				GCC_WARN_64_TO_32_BIT_CONVERSION = YES;
				GCC_WARN_ABOUT_RETURN_TYPE = YES_ERROR;
				GCC_WARN_UNDECLARED_SELECTOR = YES;
				GCC_WARN_UNINITIALIZED_AUTOS = YES_AGGRESSIVE;
				GCC_WARN_UNUSED_FUNCTION = YES;
				GCC_WARN_UNUSED_VARIABLE = YES;
				IPHONEOS_DEPLOYMENT_TARGET = 9.2;
				MTL_ENABLE_DEBUG_INFO = YES;
				ONLY_ACTIVE_ARCH = YES;
				SDKROOT = iphoneos;
				TARGETED_DEVICE_FAMILY = "1,2";
			};
			name = Debug;
		};
		A80453021C5172A800B59865 /* Release */ = {
			isa = XCBuildConfiguration;
			buildSettings = {
				ALWAYS_SEARCH_USER_PATHS = NO;
				CLANG_CXX_LANGUAGE_STANDARD = "gnu++0x";
				CLANG_CXX_LIBRARY = "libc++";
				CLANG_ENABLE_MODULES = YES;
				CLANG_ENABLE_OBJC_ARC = YES;
				CLANG_WARN_BOOL_CONVERSION = YES;
				CLANG_WARN_CONSTANT_CONVERSION = YES;
				CLANG_WARN_DIRECT_OBJC_ISA_USAGE = YES_ERROR;
				CLANG_WARN_EMPTY_BODY = YES;
				CLANG_WARN_ENUM_CONVERSION = YES;
				CLANG_WARN_INT_CONVERSION = YES;
				CLANG_WARN_OBJC_ROOT_CLASS = YES_ERROR;
				CLANG_WARN_UNREACHABLE_CODE = YES;
				CLANG_WARN__DUPLICATE_METHOD_MATCH = YES;
				"CODE_SIGN_IDENTITY[sdk=iphoneos*]" = "iPhone Developer";
				COPY_PHASE_STRIP = NO;
				DEBUG_INFORMATION_FORMAT = "dwarf-with-dsym";
				ENABLE_NS_ASSERTIONS = NO;
				ENABLE_STRICT_OBJC_MSGSEND = YES;
				GCC_C_LANGUAGE_STANDARD = gnu99;
				GCC_NO_COMMON_BLOCKS = YES;
				GCC_WARN_64_TO_32_BIT_CONVERSION = YES;
				GCC_WARN_ABOUT_RETURN_TYPE = YES_ERROR;
				GCC_WARN_UNDECLARED_SELECTOR = YES;
				GCC_WARN_UNINITIALIZED_AUTOS = YES_AGGRESSIVE;
				GCC_WARN_UNUSED_FUNCTION = YES;
				GCC_WARN_UNUSED_VARIABLE = YES;
				IPHONEOS_DEPLOYMENT_TARGET = 9.2;
				MTL_ENABLE_DEBUG_INFO = NO;
				SDKROOT = iphoneos;
				TARGETED_DEVICE_FAMILY = "1,2";
				VALIDATE_PRODUCT = YES;
			};
			name = Release;
		};
		A80453041C5172A800B59865 /* Debug */ = {
			isa = XCBuildConfiguration;
			buildSettings = {
				ASSETCATALOG_COMPILER_APPICON_NAME = AppIcon;
				INFOPLIST_FILE = Farkles/Info.plist;
				LD_RUNPATH_SEARCH_PATHS = "$(inherited) @executable_path/Frameworks";
				PRODUCT_BUNDLE_IDENTIFIER = mattdeuschle.Farkles;
				PRODUCT_NAME = "$(TARGET_NAME)";
			};
			name = Debug;
		};
		A80453051C5172A800B59865 /* Release */ = {
			isa = XCBuildConfiguration;
			buildSettings = {
				ASSETCATALOG_COMPILER_APPICON_NAME = AppIcon;
				INFOPLIST_FILE = Farkles/Info.plist;
				LD_RUNPATH_SEARCH_PATHS = "$(inherited) @executable_path/Frameworks";
				PRODUCT_BUNDLE_IDENTIFIER = mattdeuschle.Farkles;
				PRODUCT_NAME = "$(TARGET_NAME)";
			};
			name = Release;
		};
/* End XCBuildConfiguration section */

/* Begin XCConfigurationList section */
		A80452E71C5172A800B59865 /* Build configuration list for PBXProject "Farkles" */ = {
			isa = XCConfigurationList;
			buildConfigurations = (
				A80453011C5172A800B59865 /* Debug */,
				A80453021C5172A800B59865 /* Release */,
			);
			defaultConfigurationIsVisible = 0;
			defaultConfigurationName = Release;
		};
		A80453031C5172A800B59865 /* Build configuration list for PBXNativeTarget "Farkles" */ = {
			isa = XCConfigurationList;
			buildConfigurations = (
				A80453041C5172A800B59865 /* Debug */,
				A80453051C5172A800B59865 /* Release */,
			);
			defaultConfigurationIsVisible = 0;
			defaultConfigurationName = Release;
		};
/* End XCConfigurationList section */
	};
	rootObject = A80452E41C5172A800B59865 /* Project object */;
}
